// !$*UTF8*$!
{
	archiveVersion = 1;
	classes = {
	};
	objectVersion = 50;
	objects = {

/* Begin PBXBuildFile section */
		3425AF22216E3B0600CF3828 /* AppDelegate.swift in Sources */ = {isa = PBXBuildFile; fileRef = 3425AF21216E3B0600CF3828 /* AppDelegate.swift */; };
		3425AF24216E3B0600CF3828 /* ViewController.swift in Sources */ = {isa = PBXBuildFile; fileRef = 3425AF23216E3B0600CF3828 /* ViewController.swift */; };
		3425AF27216E3B0600CF3828 /* Main.storyboard in Resources */ = {isa = PBXBuildFile; fileRef = 3425AF25216E3B0600CF3828 /* Main.storyboard */; };
		3425AF29216E3B0700CF3828 /* Assets.xcassets in Resources */ = {isa = PBXBuildFile; fileRef = 3425AF28216E3B0700CF3828 /* Assets.xcassets */; };
		3425AF2C216E3B0700CF3828 /* LaunchScreen.storyboard in Resources */ = {isa = PBXBuildFile; fileRef = 3425AF2A216E3B0700CF3828 /* LaunchScreen.storyboard */; };
		3425AF35216E3C3200CF3828 /* SiriHelper.swift in Sources */ = {isa = PBXBuildFile; fileRef = 3425AF34216E3C3200CF3828 /* SiriHelper.swift */; };
		3425AF3D216E41E400CF3828 /* IntentHandler.swift in Sources */ = {isa = PBXBuildFile; fileRef = 3425AF3C216E41E400CF3828 /* IntentHandler.swift */; };
		3425AF41216E41E400CF3828 /* CoffeTime.appex in Embed App Extensions */ = {isa = PBXBuildFile; fileRef = 3425AF3A216E41E400CF3828 /* CoffeTime.appex */; settings = {ATTRIBUTES = (RemoveHeadersOnCopy, ); }; };
/* End PBXBuildFile section */

/* Begin PBXContainerItemProxy section */
		3425AF3F216E41E400CF3828 /* PBXContainerItemProxy */ = {
			isa = PBXContainerItemProxy;
			containerPortal = 3425AF16216E3B0500CF3828 /* Project object */;
			proxyType = 1;
			remoteGlobalIDString = 3425AF39216E41E400CF3828;
			remoteInfo = CoffeTime;
		};
/* End PBXContainerItemProxy section */

/* Begin PBXCopyFilesBuildPhase section */
		3425AF45216E41E400CF3828 /* Embed App Extensions */ = {
			isa = PBXCopyFilesBuildPhase;
			buildActionMask = 2147483647;
			dstPath = "";
			dstSubfolderSpec = 13;
			files = (
				3425AF41216E41E400CF3828 /* CoffeTime.appex in Embed App Extensions */,
			);
			name = "Embed App Extensions";
			runOnlyForDeploymentPostprocessing = 0;
		};
/* End PBXCopyFilesBuildPhase section */

/* Begin PBXFileReference section */
		3425AF1E216E3B0500CF3828 /* SiriKitTry.app */ = {isa = PBXFileReference; explicitFileType = wrapper.application; includeInIndex = 0; path = SiriKitTry.app; sourceTree = BUILT_PRODUCTS_DIR; };
		3425AF21216E3B0600CF3828 /* AppDelegate.swift */ = {isa = PBXFileReference; lastKnownFileType = sourcecode.swift; path = AppDelegate.swift; sourceTree = "<group>"; };
		3425AF23216E3B0600CF3828 /* ViewController.swift */ = {isa = PBXFileReference; lastKnownFileType = sourcecode.swift; path = ViewController.swift; sourceTree = "<group>"; };
		3425AF26216E3B0600CF3828 /* Base */ = {isa = PBXFileReference; lastKnownFileType = file.storyboard; name = Base; path = Base.lproj/Main.storyboard; sourceTree = "<group>"; };
		3425AF28216E3B0700CF3828 /* Assets.xcassets */ = {isa = PBXFileReference; lastKnownFileType = folder.assetcatalog; path = Assets.xcassets; sourceTree = "<group>"; };
		3425AF2B216E3B0700CF3828 /* Base */ = {isa = PBXFileReference; lastKnownFileType = file.storyboard; name = Base; path = Base.lproj/LaunchScreen.storyboard; sourceTree = "<group>"; };
		3425AF2D216E3B0700CF3828 /* Info.plist */ = {isa = PBXFileReference; lastKnownFileType = text.plist.xml; path = Info.plist; sourceTree = "<group>"; };
		3425AF33216E3B5E00CF3828 /* SiriKitTry.entitlements */ = {isa = PBXFileReference; lastKnownFileType = text.plist.entitlements; path = SiriKitTry.entitlements; sourceTree = "<group>"; };
		3425AF34216E3C3200CF3828 /* SiriHelper.swift */ = {isa = PBXFileReference; lastKnownFileType = sourcecode.swift; path = SiriHelper.swift; sourceTree = "<group>"; };
		3425AF3A216E41E400CF3828 /* CoffeTime.appex */ = {isa = PBXFileReference; explicitFileType = "wrapper.app-extension"; includeInIndex = 0; path = CoffeTime.appex; sourceTree = BUILT_PRODUCTS_DIR; };
		3425AF3C216E41E400CF3828 /* IntentHandler.swift */ = {isa = PBXFileReference; lastKnownFileType = sourcecode.swift; path = IntentHandler.swift; sourceTree = "<group>"; };
		3425AF3E216E41E400CF3828 /* Info.plist */ = {isa = PBXFileReference; lastKnownFileType = text.plist.xml; path = Info.plist; sourceTree = "<group>"; };
/* End PBXFileReference section */

/* Begin PBXFrameworksBuildPhase section */
		3425AF1B216E3B0500CF3828 /* Frameworks */ = {
			isa = PBXFrameworksBuildPhase;
			buildActionMask = 2147483647;
			files = (
			);
			runOnlyForDeploymentPostprocessing = 0;
		};
		3425AF37216E41E400CF3828 /* Frameworks */ = {
			isa = PBXFrameworksBuildPhase;
			buildActionMask = 2147483647;
			files = (
			);
			runOnlyForDeploymentPostprocessing = 0;
		};
/* End PBXFrameworksBuildPhase section */

/* Begin PBXGroup section */
		3425AF15216E3B0500CF3828 = {
			isa = PBXGroup;
			children = (
				3425AF34216E3C3200CF3828 /* SiriHelper.swift */,
				3425AF20216E3B0600CF3828 /* SiriKitTry */,
				3425AF3B216E41E400CF3828 /* CoffeTime */,
				3425AF1F216E3B0600CF3828 /* Products */,
			);
			sourceTree = "<group>";
		};
		3425AF1F216E3B0600CF3828 /* Products */ = {
			isa = PBXGroup;
			children = (
				3425AF1E216E3B0500CF3828 /* SiriKitTry.app */,
				3425AF3A216E41E400CF3828 /* CoffeTime.appex */,
			);
			name = Products;
			sourceTree = "<group>";
		};
		3425AF20216E3B0600CF3828 /* SiriKitTry */ = {
			isa = PBXGroup;
			children = (
				3425AF33216E3B5E00CF3828 /* SiriKitTry.entitlements */,
				3425AF21216E3B0600CF3828 /* AppDelegate.swift */,
				3425AF23216E3B0600CF3828 /* ViewController.swift */,
				3425AF25216E3B0600CF3828 /* Main.storyboard */,
				3425AF28216E3B0700CF3828 /* Assets.xcassets */,
				3425AF2A216E3B0700CF3828 /* LaunchScreen.storyboard */,
				3425AF2D216E3B0700CF3828 /* Info.plist */,
			);
			path = SiriKitTry;
			sourceTree = "<group>";
		};
		3425AF3B216E41E400CF3828 /* CoffeTime */ = {
			isa = PBXGroup;
			children = (
				3425AF3C216E41E400CF3828 /* IntentHandler.swift */,
				3425AF3E216E41E400CF3828 /* Info.plist */,
			);
			path = CoffeTime;
			sourceTree = "<group>";
		};
/* End PBXGroup section */

/* Begin PBXNativeTarget section */
		3425AF1D216E3B0500CF3828 /* SiriKitTry */ = {
			isa = PBXNativeTarget;
			buildConfigurationList = 3425AF30216E3B0700CF3828 /* Build configuration list for PBXNativeTarget "SiriKitTry" */;
			buildPhases = (
				3425AF1A216E3B0500CF3828 /* Sources */,
				3425AF1B216E3B0500CF3828 /* Frameworks */,
				3425AF1C216E3B0500CF3828 /* Resources */,
				3425AF45216E41E400CF3828 /* Embed App Extensions */,
			);
			buildRules = (
			);
			dependencies = (
				3425AF40216E41E400CF3828 /* PBXTargetDependency */,
			);
			name = SiriKitTry;
			productName = SiriKitTry;
			productReference = 3425AF1E216E3B0500CF3828 /* SiriKitTry.app */;
			productType = "com.apple.product-type.application";
		};
		3425AF39216E41E400CF3828 /* CoffeTime */ = {
			isa = PBXNativeTarget;
			buildConfigurationList = 3425AF42216E41E400CF3828 /* Build configuration list for PBXNativeTarget "CoffeTime" */;
			buildPhases = (
				3425AF36216E41E400CF3828 /* Sources */,
				3425AF37216E41E400CF3828 /* Frameworks */,
				3425AF38216E41E400CF3828 /* Resources */,
			);
			buildRules = (
			);
			dependencies = (
			);
			name = CoffeTime;
			productName = CoffeTime;
			productReference = 3425AF3A216E41E400CF3828 /* CoffeTime.appex */;
			productType = "com.apple.product-type.app-extension";
		};
/* End PBXNativeTarget section */

/* Begin PBXProject section */
		3425AF16216E3B0500CF3828 /* Project object */ = {
			isa = PBXProject;
			attributes = {
				LastSwiftUpdateCheck = 1000;
				LastUpgradeCheck = 1000;
				ORGANIZATIONNAME = veladan;
				TargetAttributes = {
					3425AF1D216E3B0500CF3828 = {
						CreatedOnToolsVersion = 10.0;
						SystemCapabilities = {
							com.apple.Siri = {
								enabled = 1;
							};
						};
					};
					3425AF39216E41E400CF3828 = {
						CreatedOnToolsVersion = 10.0;
					};
				};
			};
			buildConfigurationList = 3425AF19216E3B0500CF3828 /* Build configuration list for PBXProject "SiriKitTry" */;
			compatibilityVersion = "Xcode 9.3";
			developmentRegion = en;
			hasScannedForEncodings = 0;
			knownRegions = (
				en,
				Base,
			);
			mainGroup = 3425AF15216E3B0500CF3828;
			productRefGroup = 3425AF1F216E3B0600CF3828 /* Products */;
			projectDirPath = "";
			projectRoot = "";
			targets = (
				3425AF1D216E3B0500CF3828 /* SiriKitTry */,
				3425AF39216E41E400CF3828 /* CoffeTime */,
			);
		};
/* End PBXProject section */

/* Begin PBXResourcesBuildPhase section */
		3425AF1C216E3B0500CF3828 /* Resources */ = {
			isa = PBXResourcesBuildPhase;
			buildActionMask = 2147483647;
			files = (
				3425AF2C216E3B0700CF3828 /* LaunchScreen.storyboard in Resources */,
				3425AF29216E3B0700CF3828 /* Assets.xcassets in Resources */,
				3425AF27216E3B0600CF3828 /* Main.storyboard in Resources */,
			);
			runOnlyForDeploymentPostprocessing = 0;
		};
		3425AF38216E41E400CF3828 /* Resources */ = {
			isa = PBXResourcesBuildPhase;
			buildActionMask = 2147483647;
			files = (
			);
			runOnlyForDeploymentPostprocessing = 0;
		};
/* End PBXResourcesBuildPhase section */

/* Begin PBXSourcesBuildPhase section */
		3425AF1A216E3B0500CF3828 /* Sources */ = {
			isa = PBXSourcesBuildPhase;
			buildActionMask = 2147483647;
			files = (
				3425AF24216E3B0600CF3828 /* ViewController.swift in Sources */,
				3425AF35216E3C3200CF3828 /* SiriHelper.swift in Sources */,
				3425AF22216E3B0600CF3828 /* AppDelegate.swift in Sources */,
			);
			runOnlyForDeploymentPostprocessing = 0;
		};
		3425AF36216E41E400CF3828 /* Sources */ = {
			isa = PBXSourcesBuildPhase;
			buildActionMask = 2147483647;
			files = (
				3425AF3D216E41E400CF3828 /* IntentHandler.swift in Sources */,
			);
			runOnlyForDeploymentPostprocessing = 0;
		};
/* End PBXSourcesBuildPhase section */

/* Begin PBXTargetDependency section */
		3425AF40216E41E400CF3828 /* PBXTargetDependency */ = {
			isa = PBXTargetDependency;
			target = 3425AF39216E41E400CF3828 /* CoffeTime */;
			targetProxy = 3425AF3F216E41E400CF3828 /* PBXContainerItemProxy */;
		};
/* End PBXTargetDependency section */

/* Begin PBXVariantGroup section */
		3425AF25216E3B0600CF3828 /* Main.storyboard */ = {
			isa = PBXVariantGroup;
			children = (
				3425AF26216E3B0600CF3828 /* Base */,
			);
			name = Main.storyboard;
			sourceTree = "<group>";
		};
		3425AF2A216E3B0700CF3828 /* LaunchScreen.storyboard */ = {
			isa = PBXVariantGroup;
			children = (
				3425AF2B216E3B0700CF3828 /* Base */,
			);
			name = LaunchScreen.storyboard;
			sourceTree = "<group>";
		};
/* End PBXVariantGroup section */

/* Begin XCBuildConfiguration section */
		3425AF2E216E3B0700CF3828 /* Debug */ = {
			isa = XCBuildConfiguration;
			buildSettings = {
				ALWAYS_SEARCH_USER_PATHS = NO;
				CLANG_ANALYZER_NONNULL = YES;
				CLANG_ANALYZER_NUMBER_OBJECT_CONVERSION = YES_AGGRESSIVE;
				CLANG_CXX_LANGUAGE_STANDARD = "gnu++14";
				CLANG_CXX_LIBRARY = "libc++";
				CLANG_ENABLE_MODULES = YES;
				CLANG_ENABLE_OBJC_ARC = YES;
				CLANG_ENABLE_OBJC_WEAK = YES;
				CLANG_WARN_BLOCK_CAPTURE_AUTORELEASING = YES;
				CLANG_WARN_BOOL_CONVERSION = YES;
				CLANG_WARN_COMMA = YES;
				CLANG_WARN_CONSTANT_CONVERSION = YES;
				CLANG_WARN_DEPRECATED_OBJC_IMPLEMENTATIONS = YES;
				CLANG_WARN_DIRECT_OBJC_ISA_USAGE = YES_ERROR;
				CLANG_WARN_DOCUMENTATION_COMMENTS = YES;
				CLANG_WARN_EMPTY_BODY = YES;
				CLANG_WARN_ENUM_CONVERSION = YES;
				CLANG_WARN_INFINITE_RECURSION = YES;
				CLANG_WARN_INT_CONVERSION = YES;
				CLANG_WARN_NON_LITERAL_NULL_CONVERSION = YES;
				CLANG_WARN_OBJC_IMPLICIT_RETAIN_SELF = YES;
				CLANG_WARN_OBJC_LITERAL_CONVERSION = YES;
				CLANG_WARN_OBJC_ROOT_CLASS = YES_ERROR;
				CLANG_WARN_RANGE_LOOP_ANALYSIS = YES;
				CLANG_WARN_STRICT_PROTOTYPES = YES;
				CLANG_WARN_SUSPICIOUS_MOVE = YES;
				CLANG_WARN_UNGUARDED_AVAILABILITY = YES_AGGRESSIVE;
				CLANG_WARN_UNREACHABLE_CODE = YES;
				CLANG_WARN__DUPLICATE_METHOD_MATCH = YES;
				CODE_SIGN_IDENTITY = "iPhone Developer";
				COPY_PHASE_STRIP = NO;
				DEBUG_INFORMATION_FORMAT = dwarf;
				ENABLE_STRICT_OBJC_MSGSEND = YES;
				ENABLE_TESTABILITY = YES;
				GCC_C_LANGUAGE_STANDARD = gnu11;
				GCC_DYNAMIC_NO_PIC = NO;
				GCC_NO_COMMON_BLOCKS = YES;
				GCC_OPTIMIZATION_LEVEL = 0;
				GCC_PREPROCESSOR_DEFINITIONS = (
					"DEBUG=1",
					"$(inherited)",
				);
				GCC_WARN_64_TO_32_BIT_CONVERSION = YES;
				GCC_WARN_ABOUT_RETURN_TYPE = YES_ERROR;
				GCC_WARN_UNDECLARED_SELECTOR = YES;
				GCC_WARN_UNINITIALIZED_AUTOS = YES_AGGRESSIVE;
				GCC_WARN_UNUSED_FUNCTION = YES;
				GCC_WARN_UNUSED_VARIABLE = YES;
				IPHONEOS_DEPLOYMENT_TARGET = 12.0;
				MTL_ENABLE_DEBUG_INFO = INCLUDE_SOURCE;
				MTL_FAST_MATH = YES;
				ONLY_ACTIVE_ARCH = YES;
				SDKROOT = iphoneos;
				SWIFT_ACTIVE_COMPILATION_CONDITIONS = DEBUG;
				SWIFT_OPTIMIZATION_LEVEL = "-Onone";
			};
			name = Debug;
		};
		3425AF2F216E3B0700CF3828 /* Release */ = {
			isa = XCBuildConfiguration;
			buildSettings = {
				ALWAYS_SEARCH_USER_PATHS = NO;
				CLANG_ANALYZER_NONNULL = YES;
				CLANG_ANALYZER_NUMBER_OBJECT_CONVERSION = YES_AGGRESSIVE;
				CLANG_CXX_LANGUAGE_STANDARD = "gnu++14";
				CLANG_CXX_LIBRARY = "libc++";
				CLANG_ENABLE_MODULES = YES;
				CLANG_ENABLE_OBJC_ARC = YES;
				CLANG_ENABLE_OBJC_WEAK = YES;
				CLANG_WARN_BLOCK_CAPTURE_AUTORELEASING = YES;
				CLANG_WARN_BOOL_CONVERSION = YES;
				CLANG_WARN_COMMA = YES;
				CLANG_WARN_CONSTANT_CONVERSION = YES;
				CLANG_WARN_DEPRECATED_OBJC_IMPLEMENTATIONS = YES;
				CLANG_WARN_DIRECT_OBJC_ISA_USAGE = YES_ERROR;
				CLANG_WARN_DOCUMENTATION_COMMENTS = YES;
				CLANG_WARN_EMPTY_BODY = YES;
				CLANG_WARN_ENUM_CONVERSION = YES;
				CLANG_WARN_INFINITE_RECURSION = YES;
				CLANG_WARN_INT_CONVERSION = YES;
				CLANG_WARN_NON_LITERAL_NULL_CONVERSION = YES;
				CLANG_WARN_OBJC_IMPLICIT_RETAIN_SELF = YES;
				CLANG_WARN_OBJC_LITERAL_CONVERSION = YES;
				CLANG_WARN_OBJC_ROOT_CLASS = YES_ERROR;
				CLANG_WARN_RANGE_LOOP_ANALYSIS = YES;
				CLANG_WARN_STRICT_PROTOTYPES = YES;
				CLANG_WARN_SUSPICIOUS_MOVE = YES;
				CLANG_WARN_UNGUARDED_AVAILABILITY = YES_AGGRESSIVE;
				CLANG_WARN_UNREACHABLE_CODE = YES;
				CLANG_WARN__DUPLICATE_METHOD_MATCH = YES;
				CODE_SIGN_IDENTITY = "iPhone Developer";
				COPY_PHASE_STRIP = NO;
				DEBUG_INFORMATION_FORMAT = "dwarf-with-dsym";
				ENABLE_NS_ASSERTIONS = NO;
				ENABLE_STRICT_OBJC_MSGSEND = YES;
				GCC_C_LANGUAGE_STANDARD = gnu11;
				GCC_NO_COMMON_BLOCKS = YES;
				GCC_WARN_64_TO_32_BIT_CONVERSION = YES;
				GCC_WARN_ABOUT_RETURN_TYPE = YES_ERROR;
				GCC_WARN_UNDECLARED_SELECTOR = YES;
				GCC_WARN_UNINITIALIZED_AUTOS = YES_AGGRESSIVE;
				GCC_WARN_UNUSED_FUNCTION = YES;
				GCC_WARN_UNUSED_VARIABLE = YES;
				IPHONEOS_DEPLOYMENT_TARGET = 12.0;
				MTL_ENABLE_DEBUG_INFO = NO;
				MTL_FAST_MATH = YES;
				SDKROOT = iphoneos;
				SWIFT_COMPILATION_MODE = wholemodule;
				SWIFT_OPTIMIZATION_LEVEL = "-O";
				VALIDATE_PRODUCT = YES;
			};
			name = Release;
		};
		3425AF31216E3B0700CF3828 /* Debug */ = {
			isa = XCBuildConfiguration;
			buildSettings = {
				ALWAYS_EMBED_SWIFT_STANDARD_LIBRARIES = YES;
				ASSETCATALOG_COMPILER_APPICON_NAME = AppIcon;
				CODE_SIGN_ENTITLEMENTS = SiriKitTry/SiriKitTry.entitlements;
				CODE_SIGN_STYLE = Automatic;
				DEVELOPMENT_TEAM = TW65EXAM4U;
				INFOPLIST_FILE = SiriKitTry/Info.plist;
				LD_RUNPATH_SEARCH_PATHS = (
					"$(inherited)",
					"@executable_path/Frameworks",
				);
				PRODUCT_BUNDLE_IDENTIFIER = org.veladan.SiriKitTry;
				PRODUCT_NAME = "$(TARGET_NAME)";
				SWIFT_VERSION = 4.2;
				TARGETED_DEVICE_FAMILY = "1,2";
			};
			name = Debug;
		};
		3425AF32216E3B0700CF3828 /* Release */ = {
			isa = XCBuildConfiguration;
			buildSettings = {
				ALWAYS_EMBED_SWIFT_STANDARD_LIBRARIES = YES;
				ASSETCATALOG_COMPILER_APPICON_NAME = AppIcon;
				CODE_SIGN_ENTITLEMENTS = SiriKitTry/SiriKitTry.entitlements;
				CODE_SIGN_STYLE = Automatic;
				DEVELOPMENT_TEAM = TW65EXAM4U;
				INFOPLIST_FILE = SiriKitTry/Info.plist;
				LD_RUNPATH_SEARCH_PATHS = (
					"$(inherited)",
					"@executable_path/Frameworks",
				);
				PRODUCT_BUNDLE_IDENTIFIER = org.veladan.SiriKitTry;
				PRODUCT_NAME = "$(TARGET_NAME)";
				SWIFT_VERSION = 4.2;
				TARGETED_DEVICE_FAMILY = "1,2";
			};
			name = Release;
		};
		3425AF43216E41E400CF3828 /* Debug */ = {
			isa = XCBuildConfiguration;
			buildSettings = {
				CODE_SIGN_STYLE = Automatic;
				DEVELOPMENT_TEAM = TW65EXAM4U;
				INFOPLIST_FILE = CoffeTime/Info.plist;
				LD_RUNPATH_SEARCH_PATHS = (
					"$(inherited)",
					"@executable_path/Frameworks",
					"@executable_path/../../Frameworks",
				);
				PRODUCT_BUNDLE_IDENTIFIER = org.veladan.SiriKitTry.CoffeTime;
				PRODUCT_NAME = "$(TARGET_NAME)";
				SKIP_INSTALL = YES;
				SWIFT_VERSION = 4.2;
				TARGETED_DEVICE_FAMILY = "1,2";
			};
			name = Debug;
		};
		3425AF44216E41E400CF3828 /* Release */ = {
			isa = XCBuildConfiguration;
			buildSettings = {
				CODE_SIGN_STYLE = Automatic;
				DEVELOPMENT_TEAM = TW65EXAM4U;
				INFOPLIST_FILE = CoffeTime/Info.plist;
				LD_RUNPATH_SEARCH_PATHS = (
					"$(inherited)",
					"@executable_path/Frameworks",
					"@executable_path/../../Frameworks",
				);
				PRODUCT_BUNDLE_IDENTIFIER = org.veladan.SiriKitTry.CoffeTime;
				PRODUCT_NAME = "$(TARGET_NAME)";
				SKIP_INSTALL = YES;
				SWIFT_VERSION = 4.2;
				TARGETED_DEVICE_FAMILY = "1,2";
			};
			name = Release;
		};
/* End XCBuildConfiguration section */

/* Begin XCConfigurationList section */
		3425AF19216E3B0500CF3828 /* Build configuration list for PBXProject "SiriKitTry" */ = {
			isa = XCConfigurationList;
			buildConfigurations = (
				3425AF2E216E3B0700CF3828 /* Debug */,
				3425AF2F216E3B0700CF3828 /* Release */,
			);
			defaultConfigurationIsVisible = 0;
			defaultConfigurationName = Release;
		};
		3425AF30216E3B0700CF3828 /* Build configuration list for PBXNativeTarget "SiriKitTry" */ = {
			isa = XCConfigurationList;
			buildConfigurations = (
				3425AF31216E3B0700CF3828 /* Debug */,
				3425AF32216E3B0700CF3828 /* Release */,
			);
			defaultConfigurationIsVisible = 0;
			defaultConfigurationName = Release;
		};
		3425AF42216E41E400CF3828 /* Build configuration list for PBXNativeTarget "CoffeTime" */ = {
			isa = XCConfigurationList;
			buildConfigurations = (
				3425AF43216E41E400CF3828 /* Debug */,
				3425AF44216E41E400CF3828 /* Release */,
			);
			defaultConfigurationIsVisible = 0;
			defaultConfigurationName = Release;
		};
/* End XCConfigurationList section */
	};
	rootObject = 3425AF16216E3B0500CF3828 /* Project object */;
}
